Microsoft Visual Studio Solution File, Format Version 12.00
# Visual Studio Version 17
VisualStudioVersion = 17.5.2.0
MinimumVisualStudioVersion = 10.0.40219.1
Project("{2150E333-8FDC-42A3-9474-1A3956D46DE8}") = "examples", "examples", "{B36A84DF-456D-A817-6EDD-3EC3E7F6E11F}"
EndProject
Project("{2150E333-8FDC-42A3-9474-1A3956D46DE8}") = "src", "src", "{827E0CD3-B72D-47B6-A68D-7590B98EB39B}"
EndProject
Project("{FAE04EC0-301F-11D3-BF4B-00C04F79EFBC}") = "SimpleMetricCountersExample", "examples\SimpleMetricCountersExample\SimpleMetricCountersExample.csproj", "{78058871-2DC0-6810-ED9E-588E6E3A1265}"
EndProject
Project("{FAE04EC0-301F-11D3-BF4B-00C04F79EFBC}") = "DotnetKit.MetricFlow.Core", "src\DotnetKit.MetricFlow.Core\DotnetKit.MetricFlow.Core.csproj", "{FA380F17-C8DB-4AE3-7DE8-26742745EBDB}"
EndProject
Global
	GlobalSection(SolutionConfigurationPlatforms) = preSolution
		Debug|Any CPU = Debug|Any CPU
		Release|Any CPU = Release|Any CPU
	EndGlobalSection
	GlobalSection(ProjectConfigurationPlatforms) = postSolution
		{78058871-2DC0-6810-ED9E-588E6E3A1265}.Debug|Any CPU.ActiveCfg = Debug|Any CPU
		{78058871-2DC0-6810-ED9E-588E6E3A1265}.Debug|Any CPU.Build.0 = Debug|Any CPU
		{78058871-2DC0-6810-ED9E-588E6E3A1265}.Release|Any CPU.ActiveCfg = Release|Any CPU
		{78058871-2DC0-6810-ED9E-588E6E3A1265}.Release|Any CPU.Build.0 = Release|Any CPU
		{FA380F17-C8DB-4AE3-7DE8-26742745EBDB}.Debug|Any CPU.ActiveCfg = Debug|Any CPU
		{FA380F17-C8DB-4AE3-7DE8-26742745EBDB}.Debug|Any CPU.Build.0 = Debug|Any CPU
		{FA380F17-C8DB-4AE3-7DE8-26742745EBDB}.Release|Any CPU.ActiveCfg = Release|Any CPU
		{FA380F17-C8DB-4AE3-7DE8-26742745EBDB}.Release|Any CPU.Build.0 = Release|Any CPU
	EndGlobalSection
	GlobalSection(SolutionProperties) = preSolution
		HideSolutionNode = FALSE
	EndGlobalSection
	GlobalSection(NestedProjects) = preSolution
		{78058871-2DC0-6810-ED9E-588E6E3A1265} = {B36A84DF-456D-A817-6EDD-3EC3E7F6E11F}
		{FA380F17-C8DB-4AE3-7DE8-26742745EBDB} = {827E0CD3-B72D-47B6-A68D-7590B98EB39B}
	EndGlobalSection
	GlobalSection(ExtensibilityGlobals) = postSolution
		SolutionGuid = {7CE4E738-181F-42CA-B63C-365DBD1BC7B9}
	EndGlobalSection
EndGlobal
